
Microsoft Visual Studio Solution File, Format Version 12.00
# Visual Studio Version 16
VisualStudioVersion = 16.0.30503.244
MinimumVisualStudioVersion = 10.0.40219.1
Project("{F184B08F-C81C-45F6-A57F-5ABD9991F28F}") = "hello 2.0.0", "hello 2.0.0\hello 2.0.0.vbproj", "{B17C5BA3-42BE-4745-AB75-243A5F6DFB1D}"
EndProject
Global
	GlobalSection(SolutionConfigurationPlatforms) = preSolution
		Debug|Any CPU = Debug|Any CPU
		Release|Any CPU = Release|Any CPU
	EndGlobalSection
	GlobalSection(ProjectConfigurationPlatforms) = postSolution
		{B17C5BA3-42BE-4745-AB75-243A5F6DFB1D}.Debug|Any CPU.ActiveCfg = Debug|Any CPU
		{B17C5BA3-42BE-4745-AB75-243A5F6DFB1D}.Debug|Any CPU.Build.0 = Debug|Any CPU
		{B17C5BA3-42BE-4745-AB75-243A5F6DFB1D}.Release|Any CPU.ActiveCfg = Release|Any CPU
		{B17C5BA3-42BE-4745-AB75-243A5F6DFB1D}.Release|Any CPU.Build.0 = Release|Any CPU
	EndGlobalSection
	GlobalSection(SolutionProperties) = preSolution
		HideSolutionNode = FALSE
	EndGlobalSection
	GlobalSection(ExtensibilityGlobals) = postSolution
		SolutionGuid = {980E43BB-7708-464F-802B-F8865F50BFEC}
	EndGlobalSection
EndGlobal
